{
  "meteor": {},
  "dependencies": {
    "basePackages": {
      "bootstrap-3": {},
      "iron-router": {},
      "jquery-ui": {},
      "accounts-ui-bootstrap-3": {},
      "scss": {},
      "moment": {},
      "fontawesome4": {},
      "bootstrap-3-timepicker": {},
      "view-manager": {},
      "template-animation-helper": {},
      "wait-on-lib": {},
      "modernizr-meteor": {},
      "c3": {},
      "pages": {}
    },
    "packages": {
      "bootstrap-3": {
        "git": "https://github.com/mangasocial/meteor-bootstrap-3.git",
        "tag": "v3.2.0-1",
        "commit": "17a63902fc6cf1096c5289d963c66cf28b474727"
      },
      "iron-router": {
        "git": "https://github.com/EventedMind/iron-router.git",
        "tag": "v0.8.2",
        "commit": "05415a8891ea87a00fb1e2388585f2ca5a38e0da"
      },
      "jquery-ui": {
        "git": "https://github.com/TimHeckel/meteor-jquery-ui.git",
        "tag": "v1.9.2",
        "commit": "c437d45edcf1367df8d5ffa8bad2867758030bd2"
      },
      "accounts-ui-bootstrap-3": {
        "git": "https://github.com/mangasocial/meteor-accounts-ui-bootstrap-3.git",
        "tag": "v0.3.3",
        "commit": "2e50b605d8d5ed68e48c4529a65f13552d8af3f9"
      },
      "scss": {
        "git": "https://github.com/fourseven/meteor-scss.git",
        "tag": "v0.9.3",
        "commit": "185f3b2787fb85e653f7b7bf603d1493ed14943d"
      },
      "moment": {
        "git": "https://github.com/acreeger/meteor-moment.git",
        "tag": "v2.6.0",
        "commit": "26156df681750fd6e6ed77043eef32b6653ebbdf"
      },
      "fontawesome4": {
        "git": "https://github.com/chrismbeckett/meteor-fontawesome4.git",
        "tag": "v1.1.0",
        "commit": "7d2cb9119b7981b8f854b7051d302d4842311249"
      },
      "bootstrap-3-timepicker": {
        "git": "https://github.com/ianserlin/meteor-bootstrap-timepicker.git",
        "tag": "v0.2.5",
        "commit": "12dd7c5dd0e67f0f307e7c5aefed74777be808f1"
      },
      "view-manager": {
        "git": "https://github.com/frozeman/meteor-view-manager.git",
        "tag": "v0.1.6",
        "commit": "e689883ce22917c5254c25a661588a549c1d933c"
      },
      "template-animation-helper": {
        "git": "https://github.com/frozeman/meteor-template-animation-helper.git",
        "tag": "v1.1.5",
        "commit": "bab74148777bc2f086118f18fffb4264930495c5"
      },
      "wait-on-lib": {
        "git": "https://github.com/DerMambo/wait-on-lib.git",
        "tag": "v0.0.3",
        "commit": "ee83a431019b59c341903c3f732ff3d8d038a8ce"
      },
      "modernizr-meteor": {
        "git": "https://github.com/ckir/modernizr-meteor.git",
        "tag": "v2.6.2",
        "commit": "391ca2a3beff3cd2b0e1099cb2d744b5a2e8a73e"
      },
      "c3": {
        "git": "https://github.com/TackMobile/meteor-c3.js.git",
        "tag": "v0.0.6",
        "commit": "e12872cf0ecbaf53fc699e07634b946ab8bce6f2"
      },
      "pages": {
        "git": "https://github.com/alethes/meteor-pages.git",
        "tag": "v1.0.20",
        "commit": "717cbac89f02d2f1bb160b24c997050ce2dee45e"
      },
      "iron-layout": {
        "git": "https://github.com/EventedMind/iron-layout.git",
        "tag": "v0.2.0",
        "commit": "4a2d53e35ba036b0c189c7ceca34be494d4c6c97"
      },
      "d3": {
        "git": "https://github.com/sergeyt/meteor-d3.git",
        "tag": "v3.4.1",
        "commit": "bdfee250a332b516a158ed0913ec9363850afe0d"
      },
      "blaze-layout": {
        "git": "https://github.com/EventedMind/blaze-layout.git",
        "tag": "v0.2.5",
        "commit": "273e3ab7d005d91a1a59c71bd224533b4dae2fbd"
      },
      "iron-core": {
        "git": "https://github.com/EventedMind/iron-core.git",
        "tag": "v0.2.0",
        "commit": "0e48b5dc50d03f01025b7b900fb5ce2f13d52cad"
      },
      "iron-dynamic-template": {
        "git": "https://github.com/EventedMind/iron-dynamic-template.git",
        "tag": "v0.2.1",
        "commit": "4dd1185c4d9d616c9abdb3f33e4a7d5a88db7e18"
      }
    }
  }
}
